
Microsoft Visual Studio Solution File, Format Version 12.00
# Visual Studio Version 16
VisualStudioVersion = 16.0.30204.135
MinimumVisualStudioVersion = 10.0.40219.1
Project("{FAE04EC0-301F-11D3-BF4B-00C04F79EFBC}") = "SistemaVenta", "SistemaVenta\SistemaVenta.csproj", "{1A5F7BD7-240F-48AB-AFE7-769FD757F9CC}"
EndProject
Global
	GlobalSection(SolutionConfigurationPlatforms) = preSolution
		Debug|Any CPU = Debug|Any CPU
		Release|Any CPU = Release|Any CPU
	EndGlobalSection
	GlobalSection(ProjectConfigurationPlatforms) = postSolution
		{1A5F7BD7-240F-48AB-AFE7-769FD757F9CC}.Debug|Any CPU.ActiveCfg = Debug|Any CPU
		{1A5F7BD7-240F-48AB-AFE7-769FD757F9CC}.Debug|Any CPU.Build.0 = Debug|Any CPU
		{1A5F7BD7-240F-48AB-AFE7-769FD757F9CC}.Release|Any CPU.ActiveCfg = Release|Any CPU
		{1A5F7BD7-240F-48AB-AFE7-769FD757F9CC}.Release|Any CPU.Build.0 = Release|Any CPU
	EndGlobalSection
	GlobalSection(SolutionProperties) = preSolution
		HideSolutionNode = FALSE
	EndGlobalSection
	GlobalSection(ExtensibilityGlobals) = postSolution
		SolutionGuid = {6FCC676E-EA19-495F-AA18-B5195C08FBE5}
	EndGlobalSection
EndGlobal
